<Solution>
  <Folder Name="/src/">
    <Project Path="src/Dashboard/Dashboard.csproj" />
    <Project Path="src/Updater/Updater.csproj" />
  </Folder>
  <Folder Name="/tests/">
    <Project Path="tests/OcrPricingSimulator/OcrPricingSimulator.csproj" />
    <Project Path="tests/ResolutionVisualizer/ResolutionVisualizer.csproj" />
    <Project Path="tests/Tests.csproj" />
    <Project Path="tests/UpdateTestServer/UpdateTestServer.csproj" />
  </Folder>
  <Project Path="RuneshapePriceChecker.csproj" />
</Solution>
