<Solution>
  <Folder Name="/src/">
    <Project Path="src/Dashboard/Dashboard.csproj" />
  </Folder>
  <Folder Name="/tests/">
    <Project Path="tests/CrashSimulator/CrashSimulator.csproj" />
    <Project Path="tests/OcrPricingSimulator/OcrPricingSimulator.csproj" />
    <Project Path="tests/Tests.csproj" />
    <Project Path="tests/UpdateTestServer/UpdateTestServer.csproj" />
  </Folder>
  <Folder Name="/tests/UpdateTestServer/" />
  <Project Path="RuneshapePriceChecker.csproj" />
</Solution>
